{
  "name": "@tailcallhq/tailcall",
  "version": "0.1.0",
  "lockfileVersion": 3,
  "requires": true,
  "packages": {
    "": {
      "name": "@tailcallhq/tailcall",
      "version": "0.1.0",
      "license": "Apache-2.0",
      "devDependencies": {
        "toml": "^3.0.0"
      },
      "optionalDependencies": {
        "@tailcallhq/core-darwin-arm64": "0.1.0",
        "@tailcallhq/core-darwin-x86_64": "0.1.0",
        "@tailcallhq/core-linux-aarch64-gnu": "0.1.0",
        "@tailcallhq/core-linux-aarch64-musl": "0.1.0",
        "@tailcallhq/core-linux-i686-gnu": "0.1.0",
        "@tailcallhq/core-linux-x86_64-gnu": "0.1.0",
        "@tailcallhq/core-linux-x86_64-musl": "0.1.0"
      }
    },
    "node_modules/toml": {
      "version": "3.0.0",
      "resolved": "https://registry.npmjs.org/toml/-/toml-3.0.0.tgz",
      "integrity": "sha512-y/mWCZinnvxjTKYhJ+pYxwD0mRLVvOtdS2Awbgxln6iEnt4rk0yBxeSBHkGJcPucRiG0e55mwWp+g/05rsrd6w==",
      "dev": true
    }
  }
}
